
Microsoft Visual Studio Solution File, Format Version 12.00
# Visual Studio Version 16
VisualStudioVersion = 16.0.29613.14
MinimumVisualStudioVersion = 10.0.40219.1
Project("{FAE04EC0-301F-11D3-BF4B-00C04F79EFBC}") = "Cube Game", "Cube_World\Cube Game.csproj", "{5542720F-0B0B-4E71-AA44-C1C6DADB93B1}"
EndProject
Global
	GlobalSection(SolutionConfigurationPlatforms) = preSolution
		Debug|Any CPU = Debug|Any CPU
		Release|Any CPU = Release|Any CPU
	EndGlobalSection
	GlobalSection(ProjectConfigurationPlatforms) = postSolution
		{5542720F-0B0B-4E71-AA44-C1C6DADB93B1}.Debug|Any CPU.ActiveCfg = Debug|Any CPU
		{5542720F-0B0B-4E71-AA44-C1C6DADB93B1}.Debug|Any CPU.Build.0 = Debug|Any CPU
		{5542720F-0B0B-4E71-AA44-C1C6DADB93B1}.Release|Any CPU.ActiveCfg = Release|Any CPU
		{5542720F-0B0B-4E71-AA44-C1C6DADB93B1}.Release|Any CPU.Build.0 = Release|Any CPU
	EndGlobalSection
	GlobalSection(SolutionProperties) = preSolution
		HideSolutionNode = FALSE
	EndGlobalSection
	GlobalSection(ExtensibilityGlobals) = postSolution
		SolutionGuid = {2665FCF1-207F-414C-9F28-7561B1091913}
	EndGlobalSection
EndGlobal
